
Microsoft Visual Studio Solution File, Format Version 12.00
# Visual Studio Version 17
VisualStudioVersion = 17.4.33122.133
MinimumVisualStudioVersion = 10.0.40219.1
Project("{FAE04EC0-301F-11D3-BF4B-00C04F79EFBC}") = "HellloNewtonSoft", "HellloNewtonSoft\HellloNewtonSoft.csproj", "{8CBB057A-5246-4CCC-8CDE-7759AB44064D}"
EndProject
Global
	GlobalSection(SolutionConfigurationPlatforms) = preSolution
		Debug|Any CPU = Debug|Any CPU
		Release|Any CPU = Release|Any CPU
	EndGlobalSection
	GlobalSection(ProjectConfigurationPlatforms) = postSolution
		{8CBB057A-5246-4CCC-8CDE-7759AB44064D}.Debug|Any CPU.ActiveCfg = Debug|Any CPU
		{8CBB057A-5246-4CCC-8CDE-7759AB44064D}.Debug|Any CPU.Build.0 = Debug|Any CPU
		{8CBB057A-5246-4CCC-8CDE-7759AB44064D}.Release|Any CPU.ActiveCfg = Release|Any CPU
		{8CBB057A-5246-4CCC-8CDE-7759AB44064D}.Release|Any CPU.Build.0 = Release|Any CPU
	EndGlobalSection
	GlobalSection(SolutionProperties) = preSolution
		HideSolutionNode = FALSE
	EndGlobalSection
	GlobalSection(ExtensibilityGlobals) = postSolution
		SolutionGuid = {C774D7D1-9B98-4C50-91C1-33B0787FB129}
	EndGlobalSection
EndGlobal
