
Microsoft Visual Studio Solution File, Format Version 12.00
# Visual Studio Version 17
VisualStudioVersion = 17.3.32922.545
MinimumVisualStudioVersion = 10.0.40219.1
Project("{FAE04EC0-301F-11D3-BF4B-00C04F79EFBC}") = "HelloAssembly", "HelloAssembly\HelloAssembly.csproj", "{61AE674D-5E1E-4A0C-B6E2-7E13E94B260A}"
EndProject
Global
	GlobalSection(SolutionConfigurationPlatforms) = preSolution
		Debug|Any CPU = Debug|Any CPU
		Release|Any CPU = Release|Any CPU
	EndGlobalSection
	GlobalSection(ProjectConfigurationPlatforms) = postSolution
		{61AE674D-5E1E-4A0C-B6E2-7E13E94B260A}.Debug|Any CPU.ActiveCfg = Debug|Any CPU
		{61AE674D-5E1E-4A0C-B6E2-7E13E94B260A}.Debug|Any CPU.Build.0 = Debug|Any CPU
		{61AE674D-5E1E-4A0C-B6E2-7E13E94B260A}.Release|Any CPU.ActiveCfg = Release|Any CPU
		{61AE674D-5E1E-4A0C-B6E2-7E13E94B260A}.Release|Any CPU.Build.0 = Release|Any CPU
	EndGlobalSection
	GlobalSection(SolutionProperties) = preSolution
		HideSolutionNode = FALSE
	EndGlobalSection
	GlobalSection(ExtensibilityGlobals) = postSolution
		SolutionGuid = {1E32B84C-5DAA-4DB4-AF9F-DEA5AD5157FD}
	EndGlobalSection
EndGlobal
